
Microsoft Visual Studio Solution File, Format Version 12.00
# Visual Studio Version 17
VisualStudioVersion = 17.3.32929.385
MinimumVisualStudioVersion = 10.0.40219.1
Project("{FAE04EC0-301F-11D3-BF4B-00C04F79EFBC}") = "WinFormsAppFrontEnd", "WinFormsAppFrontEnd.csproj", "{EA1C1300-104A-4819-80FD-8A16A2D18669}"
EndProject
Global
	GlobalSection(SolutionConfigurationPlatforms) = preSolution
		Debug|Any CPU = Debug|Any CPU
		Release|Any CPU = Release|Any CPU
	EndGlobalSection
	GlobalSection(ProjectConfigurationPlatforms) = postSolution
		{EA1C1300-104A-4819-80FD-8A16A2D18669}.Debug|Any CPU.ActiveCfg = Debug|Any CPU
		{EA1C1300-104A-4819-80FD-8A16A2D18669}.Debug|Any CPU.Build.0 = Debug|Any CPU
		{EA1C1300-104A-4819-80FD-8A16A2D18669}.Release|Any CPU.ActiveCfg = Release|Any CPU
		{EA1C1300-104A-4819-80FD-8A16A2D18669}.Release|Any CPU.Build.0 = Release|Any CPU
	EndGlobalSection
	GlobalSection(SolutionProperties) = preSolution
		HideSolutionNode = FALSE
	EndGlobalSection
	GlobalSection(ExtensibilityGlobals) = postSolution
		SolutionGuid = {5006543D-C497-4491-9DEC-3FB04026C207}
	EndGlobalSection
EndGlobal
